
Microsoft Visual Studio Solution File, Format Version 12.00
# Visual Studio Version 17
VisualStudioVersion = 17.2.32516.85
MinimumVisualStudioVersion = 10.0.40219.1
Project("{FAE04EC0-301F-11D3-BF4B-00C04F79EFBC}") = "leap_dashboard_admin_api", "leap_dashboard_admin_api\leap_dashboard_admin_api.csproj", "{E6C6BE22-9C3C-4A80-939A-DBAB9B48F183}"
EndProject
Project("{2150E333-8FDC-42A3-9474-1A3956D46DE8}") = "Application", "Application", "{0D3B66D4-B5EC-49F4-B349-F6C6DAE39A25}"
EndProject
Project("{2150E333-8FDC-42A3-9474-1A3956D46DE8}") = "Domain", "Domain", "{8D9350FE-FC31-4ACA-8372-14DCB9133138}"
EndProject
Project("{2150E333-8FDC-42A3-9474-1A3956D46DE8}") = "Infra", "Infra", "{7E02FF26-5833-4290-B2BC-670C62467A70}"
EndProject
Project("{FAE04EC0-301F-11D3-BF4B-00C04F79EFBC}") = "Application", "Application\Application.csproj", "{079CBE26-5326-4EF6-9763-DB23CE4080CF}"
EndProject
Project("{FAE04EC0-301F-11D3-BF4B-00C04F79EFBC}") = "Domain", "Domain\Domain.csproj", "{52BFF2F5-8D29-4BDE-AE45-6DC69074C9E6}"
EndProject
Project("{FAE04EC0-301F-11D3-BF4B-00C04F79EFBC}") = "DataAccess", "DataAccess\DataAccess.csproj", "{C57748B1-BBD0-46AE-B7D8-59ED67794951}"
EndProject
Global
	GlobalSection(SolutionConfigurationPlatforms) = preSolution
		Debug|Any CPU = Debug|Any CPU
		Release|Any CPU = Release|Any CPU
	EndGlobalSection
	GlobalSection(ProjectConfigurationPlatforms) = postSolution
		{E6C6BE22-9C3C-4A80-939A-DBAB9B48F183}.Debug|Any CPU.ActiveCfg = Debug|Any CPU
		{E6C6BE22-9C3C-4A80-939A-DBAB9B48F183}.Debug|Any CPU.Build.0 = Debug|Any CPU
		{E6C6BE22-9C3C-4A80-939A-DBAB9B48F183}.Release|Any CPU.ActiveCfg = Release|Any CPU
		{E6C6BE22-9C3C-4A80-939A-DBAB9B48F183}.Release|Any CPU.Build.0 = Release|Any CPU
		{079CBE26-5326-4EF6-9763-DB23CE4080CF}.Debug|Any CPU.ActiveCfg = Debug|Any CPU
		{079CBE26-5326-4EF6-9763-DB23CE4080CF}.Debug|Any CPU.Build.0 = Debug|Any CPU
		{079CBE26-5326-4EF6-9763-DB23CE4080CF}.Release|Any CPU.ActiveCfg = Release|Any CPU
		{079CBE26-5326-4EF6-9763-DB23CE4080CF}.Release|Any CPU.Build.0 = Release|Any CPU
		{52BFF2F5-8D29-4BDE-AE45-6DC69074C9E6}.Debug|Any CPU.ActiveCfg = Debug|Any CPU
		{52BFF2F5-8D29-4BDE-AE45-6DC69074C9E6}.Debug|Any CPU.Build.0 = Debug|Any CPU
		{52BFF2F5-8D29-4BDE-AE45-6DC69074C9E6}.Release|Any CPU.ActiveCfg = Release|Any CPU
		{52BFF2F5-8D29-4BDE-AE45-6DC69074C9E6}.Release|Any CPU.Build.0 = Release|Any CPU
		{C57748B1-BBD0-46AE-B7D8-59ED67794951}.Debug|Any CPU.ActiveCfg = Debug|Any CPU
		{C57748B1-BBD0-46AE-B7D8-59ED67794951}.Debug|Any CPU.Build.0 = Debug|Any CPU
		{C57748B1-BBD0-46AE-B7D8-59ED67794951}.Release|Any CPU.ActiveCfg = Release|Any CPU
		{C57748B1-BBD0-46AE-B7D8-59ED67794951}.Release|Any CPU.Build.0 = Release|Any CPU
	EndGlobalSection
	GlobalSection(SolutionProperties) = preSolution
		HideSolutionNode = FALSE
	EndGlobalSection
	GlobalSection(NestedProjects) = preSolution
		{079CBE26-5326-4EF6-9763-DB23CE4080CF} = {0D3B66D4-B5EC-49F4-B349-F6C6DAE39A25}
		{52BFF2F5-8D29-4BDE-AE45-6DC69074C9E6} = {8D9350FE-FC31-4ACA-8372-14DCB9133138}
		{C57748B1-BBD0-46AE-B7D8-59ED67794951} = {7E02FF26-5833-4290-B2BC-670C62467A70}
	EndGlobalSection
	GlobalSection(ExtensibilityGlobals) = postSolution
		SolutionGuid = {16169EFD-7D64-4725-8079-5EE6C2E864F5}
	EndGlobalSection
EndGlobal
