
Microsoft Visual Studio Solution File, Format Version 12.00
# Visual Studio Version 17
VisualStudioVersion = 17.2.32516.85
MinimumVisualStudioVersion = 10.0.40219.1
Project("{FAE04EC0-301F-11D3-BF4B-00C04F79EFBC}") = "leap_dashboard_admin_api", "leap_dashboard_admin_api\leap_dashboard_admin_api.csproj", "{7EF6833C-B716-4DFC-9E0B-C2E56126508B}"
EndProject
Project("{2150E333-8FDC-42A3-9474-1A3956D46DE8}") = "Application", "Application", "{3DA6A2EB-DE82-4FC5-ADBB-E505C42B32F2}"
EndProject
Project("{2150E333-8FDC-42A3-9474-1A3956D46DE8}") = "Domain", "Domain", "{615566FF-43C8-439C-A5AB-F72A2FC0EFB9}"
EndProject
Project("{2150E333-8FDC-42A3-9474-1A3956D46DE8}") = "Infra", "Infra", "{89159E5F-9932-4B4E-BC8C-F059D04F8A7B}"
EndProject
Project("{FAE04EC0-301F-11D3-BF4B-00C04F79EFBC}") = "Application", "Application\Application.csproj", "{EFDF3E19-C1D4-4BD5-89F9-B8BF00903E37}"
EndProject
Project("{FAE04EC0-301F-11D3-BF4B-00C04F79EFBC}") = "Domain", "Domain\Domain.csproj", "{9946206E-90B8-41A8-84F3-32DFEF022CDD}"
EndProject
Project("{FAE04EC0-301F-11D3-BF4B-00C04F79EFBC}") = "DataAccess", "DataAccess\DataAccess.csproj", "{5AAC3E73-8E7D-42B5-98B3-7D49CED3D42E}"
EndProject
Global
	GlobalSection(SolutionConfigurationPlatforms) = preSolution
		Debug|Any CPU = Debug|Any CPU
		Release|Any CPU = Release|Any CPU
	EndGlobalSection
	GlobalSection(ProjectConfigurationPlatforms) = postSolution
		{7EF6833C-B716-4DFC-9E0B-C2E56126508B}.Debug|Any CPU.ActiveCfg = Debug|Any CPU
		{7EF6833C-B716-4DFC-9E0B-C2E56126508B}.Debug|Any CPU.Build.0 = Debug|Any CPU
		{7EF6833C-B716-4DFC-9E0B-C2E56126508B}.Release|Any CPU.ActiveCfg = Release|Any CPU
		{7EF6833C-B716-4DFC-9E0B-C2E56126508B}.Release|Any CPU.Build.0 = Release|Any CPU
		{EFDF3E19-C1D4-4BD5-89F9-B8BF00903E37}.Debug|Any CPU.ActiveCfg = Debug|Any CPU
		{EFDF3E19-C1D4-4BD5-89F9-B8BF00903E37}.Debug|Any CPU.Build.0 = Debug|Any CPU
		{EFDF3E19-C1D4-4BD5-89F9-B8BF00903E37}.Release|Any CPU.ActiveCfg = Release|Any CPU
		{EFDF3E19-C1D4-4BD5-89F9-B8BF00903E37}.Release|Any CPU.Build.0 = Release|Any CPU
		{9946206E-90B8-41A8-84F3-32DFEF022CDD}.Debug|Any CPU.ActiveCfg = Debug|Any CPU
		{9946206E-90B8-41A8-84F3-32DFEF022CDD}.Debug|Any CPU.Build.0 = Debug|Any CPU
		{9946206E-90B8-41A8-84F3-32DFEF022CDD}.Release|Any CPU.ActiveCfg = Release|Any CPU
		{9946206E-90B8-41A8-84F3-32DFEF022CDD}.Release|Any CPU.Build.0 = Release|Any CPU
		{5AAC3E73-8E7D-42B5-98B3-7D49CED3D42E}.Debug|Any CPU.ActiveCfg = Debug|Any CPU
		{5AAC3E73-8E7D-42B5-98B3-7D49CED3D42E}.Debug|Any CPU.Build.0 = Debug|Any CPU
		{5AAC3E73-8E7D-42B5-98B3-7D49CED3D42E}.Release|Any CPU.ActiveCfg = Release|Any CPU
		{5AAC3E73-8E7D-42B5-98B3-7D49CED3D42E}.Release|Any CPU.Build.0 = Release|Any CPU
	EndGlobalSection
	GlobalSection(SolutionProperties) = preSolution
		HideSolutionNode = FALSE
	EndGlobalSection
	GlobalSection(NestedProjects) = preSolution
		{EFDF3E19-C1D4-4BD5-89F9-B8BF00903E37} = {3DA6A2EB-DE82-4FC5-ADBB-E505C42B32F2}
		{9946206E-90B8-41A8-84F3-32DFEF022CDD} = {615566FF-43C8-439C-A5AB-F72A2FC0EFB9}
		{5AAC3E73-8E7D-42B5-98B3-7D49CED3D42E} = {89159E5F-9932-4B4E-BC8C-F059D04F8A7B}
	EndGlobalSection
	GlobalSection(ExtensibilityGlobals) = postSolution
		SolutionGuid = {AE7CE416-981A-471C-A59C-BE0A7BEAEFF9}
	EndGlobalSection
EndGlobal
